# THIS IS AN AUTOGENERATED FILE. DO NOT EDIT THIS FILE DIRECTLY.
# yarn lockfile v1


big.js@^3.1.3:
  version "3.1.3"
  resolved "https://registry.yarnpkg.com/big.js/-/big.js-3.1.3.tgz#4cada2193652eb3ca9ec8e55c9015669c9806978"

intl@^1.2.5:
  version "1.2.5"
  resolved "https://registry.yarnpkg.com/intl/-/intl-1.2.5.tgz#82244a2190c4e419f8371f5aa34daa3420e2abde"

walletjs@^1.2.1:
  version "1.2.1"
  resolved "https://registry.yarnpkg.com/walletjs/-/walletjs-1.2.1.tgz#8f3175642dd125184c72d08c25ea36878302bd3f"
  dependencies:
    big.js "^3.1.3"
    intl "^1.2.5"
